
Microsoft Visual Studio Solution File, Format Version 12.00
# Visual Studio Version 16
VisualStudioVersion = 16.0.31205.134
MinimumVisualStudioVersion = 10.0.40219.1
Project("{FAE04EC0-301F-11D3-BF4B-00C04F79EFBC}") = "WinFormsApp6", "WinFormsApp6\WinFormsApp6.csproj", "{F664EF67-A31C-4695-ACFD-2BA0FCDB30B9}"
EndProject
Global
	GlobalSection(SolutionConfigurationPlatforms) = preSolution
		Debug|Any CPU = Debug|Any CPU
		Release|Any CPU = Release|Any CPU
	EndGlobalSection
	GlobalSection(ProjectConfigurationPlatforms) = postSolution
		{F664EF67-A31C-4695-ACFD-2BA0FCDB30B9}.Debug|Any CPU.ActiveCfg = Debug|Any CPU
		{F664EF67-A31C-4695-ACFD-2BA0FCDB30B9}.Debug|Any CPU.Build.0 = Debug|Any CPU
		{F664EF67-A31C-4695-ACFD-2BA0FCDB30B9}.Release|Any CPU.ActiveCfg = Release|Any CPU
		{F664EF67-A31C-4695-ACFD-2BA0FCDB30B9}.Release|Any CPU.Build.0 = Release|Any CPU
	EndGlobalSection
	GlobalSection(SolutionProperties) = preSolution
		HideSolutionNode = FALSE
	EndGlobalSection
	GlobalSection(ExtensibilityGlobals) = postSolution
		SolutionGuid = {AA53F26B-0C61-4790-ABE2-4EEA9B107286}
	EndGlobalSection
EndGlobal
